
Microsoft Visual Studio Solution File, Format Version 12.00
# Visual Studio Version 16
VisualStudioVersion = 16.0.30309.148
MinimumVisualStudioVersion = 10.0.40219.1
Project("{FAE04EC0-301F-11D3-BF4B-00C04F79EFBC}") = "Basics", "Basics.csproj", "{7087CF7E-92A7-43F1-98DA-B5A455AE0824}"
EndProject
Project("{FAE04EC0-301F-11D3-BF4B-00C04F79EFBC}") = "Basics.Unittests", "..\Basics.Unittests\Basics.Unittests.csproj", "{37A7C7A4-7FB2-4893-9CD2-D4497FF7B219}"
EndProject
Global
	GlobalSection(SolutionConfigurationPlatforms) = preSolution
		Debug|Any CPU = Debug|Any CPU
		Release|Any CPU = Release|Any CPU
	EndGlobalSection
	GlobalSection(ProjectConfigurationPlatforms) = postSolution
		{7087CF7E-92A7-43F1-98DA-B5A455AE0824}.Debug|Any CPU.ActiveCfg = Debug|Any CPU
		{7087CF7E-92A7-43F1-98DA-B5A455AE0824}.Debug|Any CPU.Build.0 = Debug|Any CPU
		{7087CF7E-92A7-43F1-98DA-B5A455AE0824}.Release|Any CPU.ActiveCfg = Release|Any CPU
		{7087CF7E-92A7-43F1-98DA-B5A455AE0824}.Release|Any CPU.Build.0 = Release|Any CPU
		{37A7C7A4-7FB2-4893-9CD2-D4497FF7B219}.Debug|Any CPU.ActiveCfg = Debug|Any CPU
		{37A7C7A4-7FB2-4893-9CD2-D4497FF7B219}.Debug|Any CPU.Build.0 = Debug|Any CPU
		{37A7C7A4-7FB2-4893-9CD2-D4497FF7B219}.Release|Any CPU.ActiveCfg = Release|Any CPU
		{37A7C7A4-7FB2-4893-9CD2-D4497FF7B219}.Release|Any CPU.Build.0 = Release|Any CPU
	EndGlobalSection
	GlobalSection(SolutionProperties) = preSolution
		HideSolutionNode = FALSE
	EndGlobalSection
	GlobalSection(ExtensibilityGlobals) = postSolution
		SolutionGuid = {2C3270BB-B438-4C15-BD13-983F54186ACD}
	EndGlobalSection
EndGlobal
